
Microsoft Visual Studio Solution File, Format Version 12.00
# Visual Studio 14
VisualStudioVersion = 14.0.25420.1
MinimumVisualStudioVersion = 10.0.40219.1
Project("{FAE04EC0-301F-11D3-BF4B-00C04F79EFBC}") = "Cotizador.Presentacion", "Cotizador.Presentacion\Cotizador.Presentacion.csproj", "{49BFCB77-4DF9-41C4-9ABF-7AB141FF05F9}"
EndProject
Project("{FAE04EC0-301F-11D3-BF4B-00C04F79EFBC}") = "Cotizador.Datos", "Cotizador.Datos\Cotizador.Datos.csproj", "{917354B1-6238-4BF3-98E4-B23ECE5FACA9}"
EndProject
Project("{FAE04EC0-301F-11D3-BF4B-00C04F79EFBC}") = "Cotizador.Dominio", "Cotizador.Dominio\Cotizador.Dominio.csproj", "{2D41BD51-D9DB-43B9-BF31-B5A6A5285623}"
EndProject
Global
	GlobalSection(SolutionConfigurationPlatforms) = preSolution
		Debug|Any CPU = Debug|Any CPU
		Release|Any CPU = Release|Any CPU
	EndGlobalSection
	GlobalSection(ProjectConfigurationPlatforms) = postSolution
		{49BFCB77-4DF9-41C4-9ABF-7AB141FF05F9}.Debug|Any CPU.ActiveCfg = Debug|Any CPU
		{49BFCB77-4DF9-41C4-9ABF-7AB141FF05F9}.Debug|Any CPU.Build.0 = Debug|Any CPU
		{49BFCB77-4DF9-41C4-9ABF-7AB141FF05F9}.Release|Any CPU.ActiveCfg = Release|Any CPU
		{49BFCB77-4DF9-41C4-9ABF-7AB141FF05F9}.Release|Any CPU.Build.0 = Release|Any CPU
		{917354B1-6238-4BF3-98E4-B23ECE5FACA9}.Debug|Any CPU.ActiveCfg = Debug|Any CPU
		{917354B1-6238-4BF3-98E4-B23ECE5FACA9}.Debug|Any CPU.Build.0 = Debug|Any CPU
		{917354B1-6238-4BF3-98E4-B23ECE5FACA9}.Release|Any CPU.ActiveCfg = Release|Any CPU
		{917354B1-6238-4BF3-98E4-B23ECE5FACA9}.Release|Any CPU.Build.0 = Release|Any CPU
		{2D41BD51-D9DB-43B9-BF31-B5A6A5285623}.Debug|Any CPU.ActiveCfg = Debug|Any CPU
		{2D41BD51-D9DB-43B9-BF31-B5A6A5285623}.Debug|Any CPU.Build.0 = Debug|Any CPU
		{2D41BD51-D9DB-43B9-BF31-B5A6A5285623}.Release|Any CPU.ActiveCfg = Release|Any CPU
		{2D41BD51-D9DB-43B9-BF31-B5A6A5285623}.Release|Any CPU.Build.0 = Release|Any CPU
	EndGlobalSection
	GlobalSection(SolutionProperties) = preSolution
		HideSolutionNode = FALSE
	EndGlobalSection
EndGlobal
